// !$*UTF8*$!
{
	archiveVersion = 1;
	classes = {
	};
	objectVersion = 56;
	objects = {

/* Begin PBXBuildFile section */
		46F221B82AE274D5005B6F9A /* FramesAndLayoutsApp.swift in Sources */ = {isa = PBXBuildFile; fileRef = 46F221B72AE274D5005B6F9A /* FramesAndLayoutsApp.swift */; };
		46F221BA2AE274D5005B6F9A /* ContentView.swift in Sources */ = {isa = PBXBuildFile; fileRef = 46F221B92AE274D5005B6F9A /* ContentView.swift */; };
		46F221BC2AE274D7005B6F9A /* Assets.xcassets in Resources */ = {isa = PBXBuildFile; fileRef = 46F221BB2AE274D7005B6F9A /* Assets.xcassets */; };
		46F221BF2AE274D7005B6F9A /* Preview Assets.xcassets in Resources */ = {isa = PBXBuildFile; fileRef = 46F221BE2AE274D7005B6F9A /* Preview Assets.xcassets */; };
		46F221C62AE28202005B6F9A /* VStackexample.swift in Sources */ = {isa = PBXBuildFile; fileRef = 46F221C52AE28202005B6F9A /* VStackexample.swift */; };
		46F221C82AE28271005B6F9A /* HStackexample.swift in Sources */ = {isa = PBXBuildFile; fileRef = 46F221C72AE28271005B6F9A /* HStackexample.swift */; };
		46F221CA2AE283BF005B6F9A /* ZStackexample.swift in Sources */ = {isa = PBXBuildFile; fileRef = 46F221C92AE283BF005B6F9A /* ZStackexample.swift */; };
		46F221CC2AE28AF1005B6F9A /* littlelemonicon.webp in Resources */ = {isa = PBXBuildFile; fileRef = 46F221CB2AE28AF1005B6F9A /* littlelemonicon.webp */; };
		46F221CE2AE28E0D005B6F9A /* CombinedExample.swift in Sources */ = {isa = PBXBuildFile; fileRef = 46F221CD2AE28E0D005B6F9A /* CombinedExample.swift */; };
		46F221D02AE29263005B6F9A /* SwiftUIView.swift in Sources */ = {isa = PBXBuildFile; fileRef = 46F221CF2AE29263005B6F9A /* SwiftUIView.swift */; };
		46F221D22AE2977F005B6F9A /* StacksCheatSheet.swift in Sources */ = {isa = PBXBuildFile; fileRef = 46F221D12AE2977F005B6F9A /* StacksCheatSheet.swift */; };
/* End PBXBuildFile section */

/* Begin PBXFileReference section */
		46F221B42AE274D5005B6F9A /* FramesAndLayouts.app */ = {isa = PBXFileReference; explicitFileType = wrapper.application; includeInIndex = 0; path = FramesAndLayouts.app; sourceTree = BUILT_PRODUCTS_DIR; };
		46F221B72AE274D5005B6F9A /* FramesAndLayoutsApp.swift */ = {isa = PBXFileReference; lastKnownFileType = sourcecode.swift; path = FramesAndLayoutsApp.swift; sourceTree = "<group>"; };
		46F221B92AE274D5005B6F9A /* ContentView.swift */ = {isa = PBXFileReference; lastKnownFileType = sourcecode.swift; path = ContentView.swift; sourceTree = "<group>"; };
		46F221BB2AE274D7005B6F9A /* Assets.xcassets */ = {isa = PBXFileReference; lastKnownFileType = folder.assetcatalog; path = Assets.xcassets; sourceTree = "<group>"; };
		46F221BE2AE274D7005B6F9A /* Preview Assets.xcassets */ = {isa = PBXFileReference; lastKnownFileType = folder.assetcatalog; path = "Preview Assets.xcassets"; sourceTree = "<group>"; };
		46F221C52AE28202005B6F9A /* VStackexample.swift */ = {isa = PBXFileReference; lastKnownFileType = sourcecode.swift; path = VStackexample.swift; sourceTree = "<group>"; };
		46F221C72AE28271005B6F9A /* HStackexample.swift */ = {isa = PBXFileReference; lastKnownFileType = sourcecode.swift; path = HStackexample.swift; sourceTree = "<group>"; };
		46F221C92AE283BF005B6F9A /* ZStackexample.swift */ = {isa = PBXFileReference; lastKnownFileType = sourcecode.swift; path = ZStackexample.swift; sourceTree = "<group>"; };
		46F221CB2AE28AF1005B6F9A /* littlelemonicon.webp */ = {isa = PBXFileReference; lastKnownFileType = file; path = littlelemonicon.webp; sourceTree = SOURCE_ROOT; };
		46F221CD2AE28E0D005B6F9A /* CombinedExample.swift */ = {isa = PBXFileReference; lastKnownFileType = sourcecode.swift; path = CombinedExample.swift; sourceTree = "<group>"; };
		46F221CF2AE29263005B6F9A /* SwiftUIView.swift */ = {isa = PBXFileReference; lastKnownFileType = sourcecode.swift; path = SwiftUIView.swift; sourceTree = "<group>"; };
		46F221D12AE2977F005B6F9A /* StacksCheatSheet.swift */ = {isa = PBXFileReference; lastKnownFileType = sourcecode.swift; path = StacksCheatSheet.swift; sourceTree = "<group>"; };
/* End PBXFileReference section */

/* Begin PBXFrameworksBuildPhase section */
		46F221B12AE274D5005B6F9A /* Frameworks */ = {
			isa = PBXFrameworksBuildPhase;
			buildActionMask = 2147483647;
			files = (
			);
			runOnlyForDeploymentPostprocessing = 0;
		};
/* End PBXFrameworksBuildPhase section */

/* Begin PBXGroup section */
		46F221AB2AE274D5005B6F9A = {
			isa = PBXGroup;
			children = (
				46F221B62AE274D5005B6F9A /* FramesAndLayouts */,
				46F221B52AE274D5005B6F9A /* Products */,
			);
			sourceTree = "<group>";
		};
		46F221B52AE274D5005B6F9A /* Products */ = {
			isa = PBXGroup;
			children = (
				46F221B42AE274D5005B6F9A /* FramesAndLayouts.app */,
			);
			name = Products;
			sourceTree = "<group>";
		};
		46F221B62AE274D5005B6F9A /* FramesAndLayouts */ = {
			isa = PBXGroup;
			children = (
				46F221B72AE274D5005B6F9A /* FramesAndLayoutsApp.swift */,
				46F221B92AE274D5005B6F9A /* ContentView.swift */,
				46F221C52AE28202005B6F9A /* VStackexample.swift */,
				46F221C72AE28271005B6F9A /* HStackexample.swift */,
				46F221C92AE283BF005B6F9A /* ZStackexample.swift */,
				46F221CD2AE28E0D005B6F9A /* CombinedExample.swift */,
				46F221CF2AE29263005B6F9A /* SwiftUIView.swift */,
				46F221D12AE2977F005B6F9A /* StacksCheatSheet.swift */,
				46F221BB2AE274D7005B6F9A /* Assets.xcassets */,
				46F221CB2AE28AF1005B6F9A /* littlelemonicon.webp */,
				46F221BD2AE274D7005B6F9A /* Preview Content */,
			);
			path = FramesAndLayouts;
			sourceTree = "<group>";
		};
		46F221BD2AE274D7005B6F9A /* Preview Content */ = {
			isa = PBXGroup;
			children = (
				46F221BE2AE274D7005B6F9A /* Preview Assets.xcassets */,
			);
			path = "Preview Content";
			sourceTree = "<group>";
		};
/* End PBXGroup section */

/* Begin PBXNativeTarget section */
		46F221B32AE274D5005B6F9A /* FramesAndLayouts */ = {
			isa = PBXNativeTarget;
			buildConfigurationList = 46F221C22AE274D7005B6F9A /* Build configuration list for PBXNativeTarget "FramesAndLayouts" */;
			buildPhases = (
				46F221B02AE274D5005B6F9A /* Sources */,
				46F221B12AE274D5005B6F9A /* Frameworks */,
				46F221B22AE274D5005B6F9A /* Resources */,
			);
			buildRules = (
			);
			dependencies = (
			);
			name = FramesAndLayouts;
			productName = FramesAndLayouts;
			productReference = 46F221B42AE274D5005B6F9A /* FramesAndLayouts.app */;
			productType = "com.apple.product-type.application";
		};
/* End PBXNativeTarget section */

/* Begin PBXProject section */
		46F221AC2AE274D5005B6F9A /* Project object */ = {
			isa = PBXProject;
			attributes = {
				BuildIndependentTargetsInParallel = 1;
				LastSwiftUpdateCheck = 1500;
				LastUpgradeCheck = 1500;
				TargetAttributes = {
					46F221B32AE274D5005B6F9A = {
						CreatedOnToolsVersion = 15.0;
					};
				};
			};
			buildConfigurationList = 46F221AF2AE274D5005B6F9A /* Build configuration list for PBXProject "FramesAndLayouts" */;
			compatibilityVersion = "Xcode 14.0";
			developmentRegion = en;
			hasScannedForEncodings = 0;
			knownRegions = (
				en,
				Base,
			);
			mainGroup = 46F221AB2AE274D5005B6F9A;
			productRefGroup = 46F221B52AE274D5005B6F9A /* Products */;
			projectDirPath = "";
			projectRoot = "";
			targets = (
				46F221B32AE274D5005B6F9A /* FramesAndLayouts */,
			);
		};
/* End PBXProject section */

/* Begin PBXResourcesBuildPhase section */
		46F221B22AE274D5005B6F9A /* Resources */ = {
			isa = PBXResourcesBuildPhase;
			buildActionMask = 2147483647;
			files = (
				46F221BF2AE274D7005B6F9A /* Preview Assets.xcassets in Resources */,
				46F221CC2AE28AF1005B6F9A /* littlelemonicon.webp in Resources */,
				46F221BC2AE274D7005B6F9A /* Assets.xcassets in Resources */,
			);
			runOnlyForDeploymentPostprocessing = 0;
		};
/* End PBXResourcesBuildPhase section */

/* Begin PBXSourcesBuildPhase section */
		46F221B02AE274D5005B6F9A /* Sources */ = {
			isa = PBXSourcesBuildPhase;
			buildActionMask = 2147483647;
			files = (
				46F221D22AE2977F005B6F9A /* StacksCheatSheet.swift in Sources */,
				46F221C82AE28271005B6F9A /* HStackexample.swift in Sources */,
				46F221D02AE29263005B6F9A /* SwiftUIView.swift in Sources */,
				46F221BA2AE274D5005B6F9A /* ContentView.swift in Sources */,
				46F221B82AE274D5005B6F9A /* FramesAndLayoutsApp.swift in Sources */,
				46F221CA2AE283BF005B6F9A /* ZStackexample.swift in Sources */,
				46F221C62AE28202005B6F9A /* VStackexample.swift in Sources */,
				46F221CE2AE28E0D005B6F9A /* CombinedExample.swift in Sources */,
			);
			runOnlyForDeploymentPostprocessing = 0;
		};
/* End PBXSourcesBuildPhase section */

/* Begin XCBuildConfiguration section */
		46F221C02AE274D7005B6F9A /* Debug */ = {
			isa = XCBuildConfiguration;
			buildSettings = {
				ALWAYS_SEARCH_USER_PATHS = NO;
				ASSETCATALOG_COMPILER_GENERATE_SWIFT_ASSET_SYMBOL_EXTENSIONS = YES;
				CLANG_ANALYZER_NONNULL = YES;
				CLANG_ANALYZER_NUMBER_OBJECT_CONVERSION = YES_AGGRESSIVE;
				CLANG_CXX_LANGUAGE_STANDARD = "gnu++20";
				CLANG_ENABLE_MODULES = YES;
				CLANG_ENABLE_OBJC_ARC = YES;
				CLANG_ENABLE_OBJC_WEAK = YES;
				CLANG_WARN_BLOCK_CAPTURE_AUTORELEASING = YES;
				CLANG_WARN_BOOL_CONVERSION = YES;
				CLANG_WARN_COMMA = YES;
				CLANG_WARN_CONSTANT_CONVERSION = YES;
				CLANG_WARN_DEPRECATED_OBJC_IMPLEMENTATIONS = YES;
				CLANG_WARN_DIRECT_OBJC_ISA_USAGE = YES_ERROR;
				CLANG_WARN_DOCUMENTATION_COMMENTS = YES;
				CLANG_WARN_EMPTY_BODY = YES;
				CLANG_WARN_ENUM_CONVERSION = YES;
				CLANG_WARN_INFINITE_RECURSION = YES;
				CLANG_WARN_INT_CONVERSION = YES;
				CLANG_WARN_NON_LITERAL_NULL_CONVERSION = YES;
				CLANG_WARN_OBJC_IMPLICIT_RETAIN_SELF = YES;
				CLANG_WARN_OBJC_LITERAL_CONVERSION = YES;
				CLANG_WARN_OBJC_ROOT_CLASS = YES_ERROR;
				CLANG_WARN_QUOTED_INCLUDE_IN_FRAMEWORK_HEADER = YES;
				CLANG_WARN_RANGE_LOOP_ANALYSIS = YES;
				CLANG_WARN_STRICT_PROTOTYPES = YES;
				CLANG_WARN_SUSPICIOUS_MOVE = YES;
				CLANG_WARN_UNGUARDED_AVAILABILITY = YES_AGGRESSIVE;
				CLANG_WARN_UNREACHABLE_CODE = YES;
				CLANG_WARN__DUPLICATE_METHOD_MATCH = YES;
				COPY_PHASE_STRIP = NO;
				DEBUG_INFORMATION_FORMAT = dwarf;
				ENABLE_STRICT_OBJC_MSGSEND = YES;
				ENABLE_TESTABILITY = YES;
				ENABLE_USER_SCRIPT_SANDBOXING = YES;
				GCC_C_LANGUAGE_STANDARD = gnu17;
				GCC_DYNAMIC_NO_PIC = NO;
				GCC_NO_COMMON_BLOCKS = YES;
				GCC_OPTIMIZATION_LEVEL = 0;
				GCC_PREPROCESSOR_DEFINITIONS = (
					"DEBUG=1",
					"$(inherited)",
				);
				GCC_WARN_64_TO_32_BIT_CONVERSION = YES;
				GCC_WARN_ABOUT_RETURN_TYPE = YES_ERROR;
				GCC_WARN_UNDECLARED_SELECTOR = YES;
				GCC_WARN_UNINITIALIZED_AUTOS = YES_AGGRESSIVE;
				GCC_WARN_UNUSED_FUNCTION = YES;
				GCC_WARN_UNUSED_VARIABLE = YES;
				IPHONEOS_DEPLOYMENT_TARGET = 17.0;
				LOCALIZATION_PREFERS_STRING_CATALOGS = YES;
				MTL_ENABLE_DEBUG_INFO = INCLUDE_SOURCE;
				MTL_FAST_MATH = YES;
				ONLY_ACTIVE_ARCH = YES;
				SDKROOT = iphoneos;
				SWIFT_ACTIVE_COMPILATION_CONDITIONS = "DEBUG $(inherited)";
				SWIFT_OPTIMIZATION_LEVEL = "-Onone";
			};
			name = Debug;
		};
		46F221C12AE274D7005B6F9A /* Release */ = {
			isa = XCBuildConfiguration;
			buildSettings = {
				ALWAYS_SEARCH_USER_PATHS = NO;
				ASSETCATALOG_COMPILER_GENERATE_SWIFT_ASSET_SYMBOL_EXTENSIONS = YES;
				CLANG_ANALYZER_NONNULL = YES;
				CLANG_ANALYZER_NUMBER_OBJECT_CONVERSION = YES_AGGRESSIVE;
				CLANG_CXX_LANGUAGE_STANDARD = "gnu++20";
				CLANG_ENABLE_MODULES = YES;
				CLANG_ENABLE_OBJC_ARC = YES;
				CLANG_ENABLE_OBJC_WEAK = YES;
				CLANG_WARN_BLOCK_CAPTURE_AUTORELEASING = YES;
				CLANG_WARN_BOOL_CONVERSION = YES;
				CLANG_WARN_COMMA = YES;
				CLANG_WARN_CONSTANT_CONVERSION = YES;
				CLANG_WARN_DEPRECATED_OBJC_IMPLEMENTATIONS = YES;
				CLANG_WARN_DIRECT_OBJC_ISA_USAGE = YES_ERROR;
				CLANG_WARN_DOCUMENTATION_COMMENTS = YES;
				CLANG_WARN_EMPTY_BODY = YES;
				CLANG_WARN_ENUM_CONVERSION = YES;
				CLANG_WARN_INFINITE_RECURSION = YES;
				CLANG_WARN_INT_CONVERSION = YES;
				CLANG_WARN_NON_LITERAL_NULL_CONVERSION = YES;
				CLANG_WARN_OBJC_IMPLICIT_RETAIN_SELF = YES;
				CLANG_WARN_OBJC_LITERAL_CONVERSION = YES;
				CLANG_WARN_OBJC_ROOT_CLASS = YES_ERROR;
				CLANG_WARN_QUOTED_INCLUDE_IN_FRAMEWORK_HEADER = YES;
				CLANG_WARN_RANGE_LOOP_ANALYSIS = YES;
				CLANG_WARN_STRICT_PROTOTYPES = YES;
				CLANG_WARN_SUSPICIOUS_MOVE = YES;
				CLANG_WARN_UNGUARDED_AVAILABILITY = YES_AGGRESSIVE;
				CLANG_WARN_UNREACHABLE_CODE = YES;
				CLANG_WARN__DUPLICATE_METHOD_MATCH = YES;
				COPY_PHASE_STRIP = NO;
				DEBUG_INFORMATION_FORMAT = "dwarf-with-dsym";
				ENABLE_NS_ASSERTIONS = NO;
				ENABLE_STRICT_OBJC_MSGSEND = YES;
				ENABLE_USER_SCRIPT_SANDBOXING = YES;
				GCC_C_LANGUAGE_STANDARD = gnu17;
				GCC_NO_COMMON_BLOCKS = YES;
				GCC_WARN_64_TO_32_BIT_CONVERSION = YES;
				GCC_WARN_ABOUT_RETURN_TYPE = YES_ERROR;
				GCC_WARN_UNDECLARED_SELECTOR = YES;
				GCC_WARN_UNINITIALIZED_AUTOS = YES_AGGRESSIVE;
				GCC_WARN_UNUSED_FUNCTION = YES;
				GCC_WARN_UNUSED_VARIABLE = YES;
				IPHONEOS_DEPLOYMENT_TARGET = 17.0;
				LOCALIZATION_PREFERS_STRING_CATALOGS = YES;
				MTL_ENABLE_DEBUG_INFO = NO;
				MTL_FAST_MATH = YES;
				SDKROOT = iphoneos;
				SWIFT_COMPILATION_MODE = wholemodule;
				VALIDATE_PRODUCT = YES;
			};
			name = Release;
		};
		46F221C32AE274D7005B6F9A /* Debug */ = {
			isa = XCBuildConfiguration;
			buildSettings = {
				ASSETCATALOG_COMPILER_APPICON_NAME = AppIcon;
				ASSETCATALOG_COMPILER_GLOBAL_ACCENT_COLOR_NAME = AccentColor;
				CODE_SIGN_STYLE = Automatic;
				CURRENT_PROJECT_VERSION = 1;
				DEVELOPMENT_ASSET_PATHS = "\"FramesAndLayouts/Preview Content\"";
				DEVELOPMENT_TEAM = 2JH32JTD9X;
				ENABLE_PREVIEWS = YES;
				GENERATE_INFOPLIST_FILE = YES;
				INFOPLIST_KEY_UIApplicationSceneManifest_Generation = YES;
				INFOPLIST_KEY_UIApplicationSupportsIndirectInputEvents = YES;
				INFOPLIST_KEY_UILaunchScreen_Generation = YES;
				INFOPLIST_KEY_UISupportedInterfaceOrientations_iPad = "UIInterfaceOrientationPortrait UIInterfaceOrientationPortraitUpsideDown UIInterfaceOrientationLandscapeLeft UIInterfaceOrientationLandscapeRight";
				INFOPLIST_KEY_UISupportedInterfaceOrientations_iPhone = "UIInterfaceOrientationPortrait UIInterfaceOrientationLandscapeLeft UIInterfaceOrientationLandscapeRight";
				LD_RUNPATH_SEARCH_PATHS = (
					"$(inherited)",
					"@executable_path/Frameworks",
				);
				MARKETING_VERSION = 1.0;
				PRODUCT_BUNDLE_IDENTIFIER = chiragsharma.FramesAndLayouts;
				PRODUCT_NAME = "$(TARGET_NAME)";
				SWIFT_EMIT_LOC_STRINGS = YES;
				SWIFT_VERSION = 5.0;
				TARGETED_DEVICE_FAMILY = "1,2";
			};
			name = Debug;
		};
		46F221C42AE274D7005B6F9A /* Release */ = {
			isa = XCBuildConfiguration;
			buildSettings = {
				ASSETCATALOG_COMPILER_APPICON_NAME = AppIcon;
				ASSETCATALOG_COMPILER_GLOBAL_ACCENT_COLOR_NAME = AccentColor;
				CODE_SIGN_STYLE = Automatic;
				CURRENT_PROJECT_VERSION = 1;
				DEVELOPMENT_ASSET_PATHS = "\"FramesAndLayouts/Preview Content\"";
				DEVELOPMENT_TEAM = 2JH32JTD9X;
				ENABLE_PREVIEWS = YES;
				GENERATE_INFOPLIST_FILE = YES;
				INFOPLIST_KEY_UIApplicationSceneManifest_Generation = YES;
				INFOPLIST_KEY_UIApplicationSupportsIndirectInputEvents = YES;
				INFOPLIST_KEY_UILaunchScreen_Generation = YES;
				INFOPLIST_KEY_UISupportedInterfaceOrientations_iPad = "UIInterfaceOrientationPortrait UIInterfaceOrientationPortraitUpsideDown UIInterfaceOrientationLandscapeLeft UIInterfaceOrientationLandscapeRight";
				INFOPLIST_KEY_UISupportedInterfaceOrientations_iPhone = "UIInterfaceOrientationPortrait UIInterfaceOrientationLandscapeLeft UIInterfaceOrientationLandscapeRight";
				LD_RUNPATH_SEARCH_PATHS = (
					"$(inherited)",
					"@executable_path/Frameworks",
				);
				MARKETING_VERSION = 1.0;
				PRODUCT_BUNDLE_IDENTIFIER = chiragsharma.FramesAndLayouts;
				PRODUCT_NAME = "$(TARGET_NAME)";
				SWIFT_EMIT_LOC_STRINGS = YES;
				SWIFT_VERSION = 5.0;
				TARGETED_DEVICE_FAMILY = "1,2";
			};
			name = Release;
		};
/* End XCBuildConfiguration section */

/* Begin XCConfigurationList section */
		46F221AF2AE274D5005B6F9A /* Build configuration list for PBXProject "FramesAndLayouts" */ = {
			isa = XCConfigurationList;
			buildConfigurations = (
				46F221C02AE274D7005B6F9A /* Debug */,
				46F221C12AE274D7005B6F9A /* Release */,
			);
			defaultConfigurationIsVisible = 0;
			defaultConfigurationName = Release;
		};
		46F221C22AE274D7005B6F9A /* Build configuration list for PBXNativeTarget "FramesAndLayouts" */ = {
			isa = XCConfigurationList;
			buildConfigurations = (
				46F221C32AE274D7005B6F9A /* Debug */,
				46F221C42AE274D7005B6F9A /* Release */,
			);
			defaultConfigurationIsVisible = 0;
			defaultConfigurationName = Release;
		};
/* End XCConfigurationList section */
	};
	rootObject = 46F221AC2AE274D5005B6F9A /* Project object */;
}
